// !$*UTF8*$!
{
	archiveVersion = 1;
	classes = {
	};
	objectVersion = 46;
	objects = {

/* Begin PBXBuildFile section */
		27DD24F919F720B9001DF642 /* Foundation.framework in Frameworks */ = {isa = PBXBuildFile; fileRef = 27DD24F819F720B9001DF642 /* Foundation.framework */; };
		27DD24FB19F720B9001DF642 /* CoreGraphics.framework in Frameworks */ = {isa = PBXBuildFile; fileRef = 27DD24FA19F720B9001DF642 /* CoreGraphics.framework */; };
		27DD24FD19F720B9001DF642 /* UIKit.framework in Frameworks */ = {isa = PBXBuildFile; fileRef = 27DD24FC19F720B9001DF642 /* UIKit.framework */; };
		27DD250319F720B9001DF642 /* InfoPlist.strings in Resources */ = {isa = PBXBuildFile; fileRef = 27DD250119F720B9001DF642 /* InfoPlist.strings */; };
		27DD250519F720B9001DF642 /* main.m in Sources */ = {isa = PBXBuildFile; fileRef = 27DD250419F720B9001DF642 /* main.m */; };
		27DD250919F720B9001DF642 /* parcadosAppDelegate.m in Sources */ = {isa = PBXBuildFile; fileRef = 27DD250819F720B9001DF642 /* parcadosAppDelegate.m */; };
		27DD250B19F720B9001DF642 /* Images.xcassets in Resources */ = {isa = PBXBuildFile; fileRef = 27DD250A19F720B9001DF642 /* Images.xcassets */; };
		27DD251219F720B9001DF642 /* XCTest.framework in Frameworks */ = {isa = PBXBuildFile; fileRef = 27DD251119F720B9001DF642 /* XCTest.framework */; };
		27DD251319F720B9001DF642 /* Foundation.framework in Frameworks */ = {isa = PBXBuildFile; fileRef = 27DD24F819F720B9001DF642 /* Foundation.framework */; };
		27DD251419F720B9001DF642 /* UIKit.framework in Frameworks */ = {isa = PBXBuildFile; fileRef = 27DD24FC19F720B9001DF642 /* UIKit.framework */; };
		27DD251C19F720B9001DF642 /* InfoPlist.strings in Resources */ = {isa = PBXBuildFile; fileRef = 27DD251A19F720B9001DF642 /* InfoPlist.strings */; };
		27DD251E19F720B9001DF642 /* Parcados_iOSTests.m in Sources */ = {isa = PBXBuildFile; fileRef = 27DD251D19F720B9001DF642 /* Parcados_iOSTests.m */; };
		27DD252E19F7211C001DF642 /* Data.m in Sources */ = {isa = PBXBuildFile; fileRef = 27DD252919F7211C001DF642 /* Data.m */; };
		27DD252F19F7211C001DF642 /* Empresa.m in Sources */ = {isa = PBXBuildFile; fileRef = 27DD252B19F7211C001DF642 /* Empresa.m */; };
		27DD253019F7211C001DF642 /* Parqueadero.m in Sources */ = {isa = PBXBuildFile; fileRef = 27DD252D19F7211C001DF642 /* Parqueadero.m */; };
		27DD253219F7217D001DF642 /* Main.storyboard in Resources */ = {isa = PBXBuildFile; fileRef = 27DD253119F7217D001DF642 /* Main.storyboard */; };
		27DD253819F7271C001DF642 /* logo.png in Resources */ = {isa = PBXBuildFile; fileRef = 27DD253719F7271C001DF642 /* logo.png */; };
		27DD253B19F72895001DF642 /* InterfazPrincipalViewController.m in Sources */ = {isa = PBXBuildFile; fileRef = 27DD253A19F72895001DF642 /* InterfazPrincipalViewController.m */; };
		27DD253E19F729F5001DF642 /* parcadosParqueaderosViewController.m in Sources */ = {isa = PBXBuildFile; fileRef = 27DD253D19F729F5001DF642 /* parcadosParqueaderosViewController.m */; };
		27DD254119F72A63001DF642 /* parcadosParqueaderosViewCell.m in Sources */ = {isa = PBXBuildFile; fileRef = 27DD254019F72A63001DF642 /* parcadosParqueaderosViewCell.m */; };
		27DD254519F72CD9001DF642 /* empresas in Resources */ = {isa = PBXBuildFile; fileRef = 27DD254319F72CD9001DF642 /* empresas */; };
		27DD254619F72CD9001DF642 /* parqueaderos in Resources */ = {isa = PBXBuildFile; fileRef = 27DD254419F72CD9001DF642 /* parqueaderos */; };
		27DD254919F7423E001DF642 /* parcadosParqueaderosListaViewCell.m in Sources */ = {isa = PBXBuildFile; fileRef = 27DD254819F7423E001DF642 /* parcadosParqueaderosListaViewCell.m */; };
		27DD254F19F7429D001DF642 /* parcadosParqueaderosListaViewController.m in Sources */ = {isa = PBXBuildFile; fileRef = 27DD254E19F7429D001DF642 /* parcadosParqueaderosListaViewController.m */; };
/* End PBXBuildFile section */

/* Begin PBXContainerItemProxy section */
		27DD251519F720B9001DF642 /* PBXContainerItemProxy */ = {
			isa = PBXContainerItemProxy;
			containerPortal = 27DD24ED19F720B9001DF642 /* Project object */;
			proxyType = 1;
			remoteGlobalIDString = 27DD24F419F720B9001DF642;
			remoteInfo = "Parcados iOS";
		};
/* End PBXContainerItemProxy section */

/* Begin PBXFileReference section */
		27DD24F519F720B9001DF642 /* Parcados iOS.app */ = {isa = PBXFileReference; explicitFileType = wrapper.application; includeInIndex = 0; path = "Parcados iOS.app"; sourceTree = BUILT_PRODUCTS_DIR; };
		27DD24F819F720B9001DF642 /* Foundation.framework */ = {isa = PBXFileReference; lastKnownFileType = wrapper.framework; name = Foundation.framework; path = System/Library/Frameworks/Foundation.framework; sourceTree = SDKROOT; };
		27DD24FA19F720B9001DF642 /* CoreGraphics.framework */ = {isa = PBXFileReference; lastKnownFileType = wrapper.framework; name = CoreGraphics.framework; path = System/Library/Frameworks/CoreGraphics.framework; sourceTree = SDKROOT; };
		27DD24FC19F720B9001DF642 /* UIKit.framework */ = {isa = PBXFileReference; lastKnownFileType = wrapper.framework; name = UIKit.framework; path = System/Library/Frameworks/UIKit.framework; sourceTree = SDKROOT; };
		27DD250019F720B9001DF642 /* Parcados iOS-Info.plist */ = {isa = PBXFileReference; lastKnownFileType = text.plist.xml; path = "Parcados iOS-Info.plist"; sourceTree = "<group>"; };
		27DD250219F720B9001DF642 /* en */ = {isa = PBXFileReference; lastKnownFileType = text.plist.strings; name = en; path = en.lproj/InfoPlist.strings; sourceTree = "<group>"; };
		27DD250419F720B9001DF642 /* main.m */ = {isa = PBXFileReference; lastKnownFileType = sourcecode.c.objc; path = main.m; sourceTree = "<group>"; };
		27DD250619F720B9001DF642 /* Parcados iOS-Prefix.pch */ = {isa = PBXFileReference; lastKnownFileType = sourcecode.c.h; path = "Parcados iOS-Prefix.pch"; sourceTree = "<group>"; };
		27DD250719F720B9001DF642 /* parcadosAppDelegate.h */ = {isa = PBXFileReference; lastKnownFileType = sourcecode.c.h; path = parcadosAppDelegate.h; sourceTree = "<group>"; };
		27DD250819F720B9001DF642 /* parcadosAppDelegate.m */ = {isa = PBXFileReference; lastKnownFileType = sourcecode.c.objc; path = parcadosAppDelegate.m; sourceTree = "<group>"; };
		27DD250A19F720B9001DF642 /* Images.xcassets */ = {isa = PBXFileReference; lastKnownFileType = folder.assetcatalog; path = Images.xcassets; sourceTree = "<group>"; };
		27DD251019F720B9001DF642 /* Parcados iOSTests.xctest */ = {isa = PBXFileReference; explicitFileType = wrapper.cfbundle; includeInIndex = 0; path = "Parcados iOSTests.xctest"; sourceTree = BUILT_PRODUCTS_DIR; };
		27DD251119F720B9001DF642 /* XCTest.framework */ = {isa = PBXFileReference; lastKnownFileType = wrapper.framework; name = XCTest.framework; path = Library/Frameworks/XCTest.framework; sourceTree = DEVELOPER_DIR; };
		27DD251919F720B9001DF642 /* Parcados iOSTests-Info.plist */ = {isa = PBXFileReference; lastKnownFileType = text.plist.xml; path = "Parcados iOSTests-Info.plist"; sourceTree = "<group>"; };
		27DD251B19F720B9001DF642 /* en */ = {isa = PBXFileReference; lastKnownFileType = text.plist.strings; name = en; path = en.lproj/InfoPlist.strings; sourceTree = "<group>"; };
		27DD251D19F720B9001DF642 /* Parcados_iOSTests.m */ = {isa = PBXFileReference; lastKnownFileType = sourcecode.c.objc; path = Parcados_iOSTests.m; sourceTree = "<group>"; };
		27DD252819F7211C001DF642 /* Data.h */ = {isa = PBXFileReference; fileEncoding = 4; lastKnownFileType = sourcecode.c.h; path = Data.h; sourceTree = "<group>"; };
		27DD252919F7211C001DF642 /* Data.m */ = {isa = PBXFileReference; fileEncoding = 4; lastKnownFileType = sourcecode.c.objc; path = Data.m; sourceTree = "<group>"; };
		27DD252A19F7211C001DF642 /* Empresa.h */ = {isa = PBXFileReference; fileEncoding = 4; lastKnownFileType = sourcecode.c.h; path = Empresa.h; sourceTree = "<group>"; };
		27DD252B19F7211C001DF642 /* Empresa.m */ = {isa = PBXFileReference; fileEncoding = 4; lastKnownFileType = sourcecode.c.objc; path = Empresa.m; sourceTree = "<group>"; };
		27DD252C19F7211C001DF642 /* Parqueadero.h */ = {isa = PBXFileReference; fileEncoding = 4; lastKnownFileType = sourcecode.c.h; path = Parqueadero.h; sourceTree = "<group>"; };
		27DD252D19F7211C001DF642 /* Parqueadero.m */ = {isa = PBXFileReference; fileEncoding = 4; lastKnownFileType = sourcecode.c.objc; path = Parqueadero.m; sourceTree = "<group>"; };
		27DD253119F7217D001DF642 /* Main.storyboard */ = {isa = PBXFileReference; fileEncoding = 4; lastKnownFileType = file.storyboard; path = Main.storyboard; sourceTree = "<group>"; };
		27DD253719F7271C001DF642 /* logo.png */ = {isa = PBXFileReference; lastKnownFileType = image.png; path = logo.png; sourceTree = "<group>"; };
		27DD253919F72895001DF642 /* InterfazPrincipalViewController.h */ = {isa = PBXFileReference; fileEncoding = 4; lastKnownFileType = sourcecode.c.h; path = InterfazPrincipalViewController.h; sourceTree = "<group>"; };
		27DD253A19F72895001DF642 /* InterfazPrincipalViewController.m */ = {isa = PBXFileReference; fileEncoding = 4; lastKnownFileType = sourcecode.c.objc; path = InterfazPrincipalViewController.m; sourceTree = "<group>"; };
		27DD253C19F729F5001DF642 /* parcadosParqueaderosViewController.h */ = {isa = PBXFileReference; fileEncoding = 4; lastKnownFileType = sourcecode.c.h; path = parcadosParqueaderosViewController.h; sourceTree = "<group>"; };
		27DD253D19F729F5001DF642 /* parcadosParqueaderosViewController.m */ = {isa = PBXFileReference; fileEncoding = 4; lastKnownFileType = sourcecode.c.objc; path = parcadosParqueaderosViewController.m; sourceTree = "<group>"; };
		27DD253F19F72A63001DF642 /* parcadosParqueaderosViewCell.h */ = {isa = PBXFileReference; fileEncoding = 4; lastKnownFileType = sourcecode.c.h; path = parcadosParqueaderosViewCell.h; sourceTree = "<group>"; };
		27DD254019F72A63001DF642 /* parcadosParqueaderosViewCell.m */ = {isa = PBXFileReference; fileEncoding = 4; lastKnownFileType = sourcecode.c.objc; path = parcadosParqueaderosViewCell.m; sourceTree = "<group>"; };
		27DD254319F72CD9001DF642 /* empresas */ = {isa = PBXFileReference; fileEncoding = 4; lastKnownFileType = text; path = empresas; sourceTree = "<group>"; };
		27DD254419F72CD9001DF642 /* parqueaderos */ = {isa = PBXFileReference; fileEncoding = 4; lastKnownFileType = text; path = parqueaderos; sourceTree = "<group>"; };
		27DD254719F7423E001DF642 /* parcadosParqueaderosListaViewCell.h */ = {isa = PBXFileReference; fileEncoding = 4; lastKnownFileType = sourcecode.c.h; path = parcadosParqueaderosListaViewCell.h; sourceTree = "<group>"; };
		27DD254819F7423E001DF642 /* parcadosParqueaderosListaViewCell.m */ = {isa = PBXFileReference; fileEncoding = 4; lastKnownFileType = sourcecode.c.objc; path = parcadosParqueaderosListaViewCell.m; sourceTree = "<group>"; };
		27DD254D19F7429D001DF642 /* parcadosParqueaderosListaViewController.h */ = {isa = PBXFileReference; fileEncoding = 4; lastKnownFileType = sourcecode.c.h; path = parcadosParqueaderosListaViewController.h; sourceTree = "<group>"; };
		27DD254E19F7429D001DF642 /* parcadosParqueaderosListaViewController.m */ = {isa = PBXFileReference; fileEncoding = 4; lastKnownFileType = sourcecode.c.objc; path = parcadosParqueaderosListaViewController.m; sourceTree = "<group>"; };
/* End PBXFileReference section */

/* Begin PBXFrameworksBuildPhase section */
		27DD24F219F720B9001DF642 /* Frameworks */ = {
			isa = PBXFrameworksBuildPhase;
			buildActionMask = 2147483647;
			files = (
				27DD24FB19F720B9001DF642 /* CoreGraphics.framework in Frameworks */,
				27DD24FD19F720B9001DF642 /* UIKit.framework in Frameworks */,
				27DD24F919F720B9001DF642 /* Foundation.framework in Frameworks */,
			);
			runOnlyForDeploymentPostprocessing = 0;
		};
		27DD250D19F720B9001DF642 /* Frameworks */ = {
			isa = PBXFrameworksBuildPhase;
			buildActionMask = 2147483647;
			files = (
				27DD251219F720B9001DF642 /* XCTest.framework in Frameworks */,
				27DD251419F720B9001DF642 /* UIKit.framework in Frameworks */,
				27DD251319F720B9001DF642 /* Foundation.framework in Frameworks */,
			);
			runOnlyForDeploymentPostprocessing = 0;
		};
/* End PBXFrameworksBuildPhase section */

/* Begin PBXGroup section */
		27DD24EC19F720B9001DF642 = {
			isa = PBXGroup;
			children = (
				27DD24FE19F720B9001DF642 /* Parcados iOS */,
				27DD24F719F720B9001DF642 /* Frameworks */,
				27DD24F619F720B9001DF642 /* Products */,
			);
			sourceTree = "<group>";
		};
		27DD24F619F720B9001DF642 /* Products */ = {
			isa = PBXGroup;
			children = (
				27DD24F519F720B9001DF642 /* Parcados iOS.app */,
				27DD251019F720B9001DF642 /* Parcados iOSTests.xctest */,
			);
			name = Products;
			sourceTree = "<group>";
		};
		27DD24F719F720B9001DF642 /* Frameworks */ = {
			isa = PBXGroup;
			children = (
				27DD24F819F720B9001DF642 /* Foundation.framework */,
				27DD24FA19F720B9001DF642 /* CoreGraphics.framework */,
				27DD24FC19F720B9001DF642 /* UIKit.framework */,
				27DD251119F720B9001DF642 /* XCTest.framework */,
			);
			name = Frameworks;
			sourceTree = "<group>";
		};
		27DD24FE19F720B9001DF642 /* Parcados iOS */ = {
			isa = PBXGroup;
			children = (
				27DD254219F72CD0001DF642 /* Data */,
				27DD253619F726E7001DF642 /* images */,
				27DD253319F72606001DF642 /* Views */,
				27DD252719F720F3001DF642 /* Mundo */,
				27DD250719F720B9001DF642 /* parcadosAppDelegate.h */,
				27DD250819F720B9001DF642 /* parcadosAppDelegate.m */,
				27DD250A19F720B9001DF642 /* Images.xcassets */,
				27DD24FF19F720B9001DF642 /* Supporting Files */,
				27DD253119F7217D001DF642 /* Main.storyboard */,
				27DD251719F720B9001DF642 /* Parcados iOSTests */,
			);
			path = "Parcados iOS";
			sourceTree = "<group>";
		};
		27DD24FF19F720B9001DF642 /* Supporting Files */ = {
			isa = PBXGroup;
			children = (
				27DD250019F720B9001DF642 /* Parcados iOS-Info.plist */,
				27DD250119F720B9001DF642 /* InfoPlist.strings */,
				27DD250419F720B9001DF642 /* main.m */,
				27DD250619F720B9001DF642 /* Parcados iOS-Prefix.pch */,
			);
			name = "Supporting Files";
			sourceTree = "<group>";
		};
		27DD251719F720B9001DF642 /* Parcados iOSTests */ = {
			isa = PBXGroup;
			children = (
				27DD251D19F720B9001DF642 /* Parcados_iOSTests.m */,
				27DD251819F720B9001DF642 /* Supporting Files */,
			);
			path = "Parcados iOSTests";
			sourceTree = SOURCE_ROOT;
		};
		27DD251819F720B9001DF642 /* Supporting Files */ = {
			isa = PBXGroup;
			children = (
				27DD251919F720B9001DF642 /* Parcados iOSTests-Info.plist */,
				27DD251A19F720B9001DF642 /* InfoPlist.strings */,
			);
			name = "Supporting Files";
			sourceTree = "<group>";
		};
		27DD252719F720F3001DF642 /* Mundo */ = {
			isa = PBXGroup;
			children = (
				27DD252819F7211C001DF642 /* Data.h */,
				27DD252919F7211C001DF642 /* Data.m */,
				27DD252A19F7211C001DF642 /* Empresa.h */,
				27DD252B19F7211C001DF642 /* Empresa.m */,
				27DD252C19F7211C001DF642 /* Parqueadero.h */,
				27DD252D19F7211C001DF642 /* Parqueadero.m */,
			);
			name = Mundo;
			sourceTree = "<group>";
		};
		27DD253319F72606001DF642 /* Views */ = {
			isa = PBXGroup;
			children = (
				27DD253919F72895001DF642 /* InterfazPrincipalViewController.h */,
				27DD253A19F72895001DF642 /* InterfazPrincipalViewController.m */,
				27DD253C19F729F5001DF642 /* parcadosParqueaderosViewController.h */,
				27DD253D19F729F5001DF642 /* parcadosParqueaderosViewController.m */,
				27DD253F19F72A63001DF642 /* parcadosParqueaderosViewCell.h */,
				27DD254019F72A63001DF642 /* parcadosParqueaderosViewCell.m */,
				27DD254719F7423E001DF642 /* parcadosParqueaderosListaViewCell.h */,
				27DD254819F7423E001DF642 /* parcadosParqueaderosListaViewCell.m */,
				27DD254D19F7429D001DF642 /* parcadosParqueaderosListaViewController.h */,
				27DD254E19F7429D001DF642 /* parcadosParqueaderosListaViewController.m */,
			);
			name = Views;
			sourceTree = "<group>";
		};
		27DD253619F726E7001DF642 /* images */ = {
			isa = PBXGroup;
			children = (
				27DD253719F7271C001DF642 /* logo.png */,
			);
			name = images;
			sourceTree = "<group>";
		};
		27DD254219F72CD0001DF642 /* Data */ = {
			isa = PBXGroup;
			children = (
				27DD254319F72CD9001DF642 /* empresas */,
				27DD254419F72CD9001DF642 /* parqueaderos */,
			);
			name = Data;
			sourceTree = "<group>";
		};
/* End PBXGroup section */

/* Begin PBXNativeTarget section */
		27DD24F419F720B9001DF642 /* Parcados iOS */ = {
			isa = PBXNativeTarget;
			buildConfigurationList = 27DD252119F720B9001DF642 /* Build configuration list for PBXNativeTarget "Parcados iOS" */;
			buildPhases = (
				27DD24F119F720B9001DF642 /* Sources */,
				27DD24F219F720B9001DF642 /* Frameworks */,
				27DD24F319F720B9001DF642 /* Resources */,
			);
			buildRules = (
			);
			dependencies = (
			);
			name = "Parcados iOS";
			productName = "Parcados iOS";
			productReference = 27DD24F519F720B9001DF642 /* Parcados iOS.app */;
			productType = "com.apple.product-type.application";
		};
		27DD250F19F720B9001DF642 /* Parcados iOSTests */ = {
			isa = PBXNativeTarget;
			buildConfigurationList = 27DD252419F720B9001DF642 /* Build configuration list for PBXNativeTarget "Parcados iOSTests" */;
			buildPhases = (
				27DD250C19F720B9001DF642 /* Sources */,
				27DD250D19F720B9001DF642 /* Frameworks */,
				27DD250E19F720B9001DF642 /* Resources */,
			);
			buildRules = (
			);
			dependencies = (
				27DD251619F720B9001DF642 /* PBXTargetDependency */,
			);
			name = "Parcados iOSTests";
			productName = "Parcados iOSTests";
			productReference = 27DD251019F720B9001DF642 /* Parcados iOSTests.xctest */;
			productType = "com.apple.product-type.bundle.unit-test";
		};
/* End PBXNativeTarget section */

/* Begin PBXProject section */
		27DD24ED19F720B9001DF642 /* Project object */ = {
			isa = PBXProject;
			attributes = {
				CLASSPREFIX = parcados;
				LastUpgradeCheck = 0510;
				ORGANIZATIONNAME = "___FULLUSERNAME___";
				TargetAttributes = {
					27DD250F19F720B9001DF642 = {
						TestTargetID = 27DD24F419F720B9001DF642;
					};
				};
			};
			buildConfigurationList = 27DD24F019F720B9001DF642 /* Build configuration list for PBXProject "Parcados iOS" */;
			compatibilityVersion = "Xcode 3.2";
			developmentRegion = English;
			hasScannedForEncodings = 0;
			knownRegions = (
				en,
			);
			mainGroup = 27DD24EC19F720B9001DF642;
			productRefGroup = 27DD24F619F720B9001DF642 /* Products */;
			projectDirPath = "";
			projectRoot = "";
			targets = (
				27DD24F419F720B9001DF642 /* Parcados iOS */,
				27DD250F19F720B9001DF642 /* Parcados iOSTests */,
			);
		};
/* End PBXProject section */

/* Begin PBXResourcesBuildPhase section */
		27DD24F319F720B9001DF642 /* Resources */ = {
			isa = PBXResourcesBuildPhase;
			buildActionMask = 2147483647;
			files = (
				27DD253819F7271C001DF642 /* logo.png in Resources */,
				27DD253219F7217D001DF642 /* Main.storyboard in Resources */,
				27DD254619F72CD9001DF642 /* parqueaderos in Resources */,
				27DD254519F72CD9001DF642 /* empresas in Resources */,
				27DD250319F720B9001DF642 /* InfoPlist.strings in Resources */,
				27DD250B19F720B9001DF642 /* Images.xcassets in Resources */,
			);
			runOnlyForDeploymentPostprocessing = 0;
		};
		27DD250E19F720B9001DF642 /* Resources */ = {
			isa = PBXResourcesBuildPhase;
			buildActionMask = 2147483647;
			files = (
				27DD251C19F720B9001DF642 /* InfoPlist.strings in Resources */,
			);
			runOnlyForDeploymentPostprocessing = 0;
		};
/* End PBXResourcesBuildPhase section */

/* Begin PBXSourcesBuildPhase section */
		27DD24F119F720B9001DF642 /* Sources */ = {
			isa = PBXSourcesBuildPhase;
			buildActionMask = 2147483647;
			files = (
				27DD253019F7211C001DF642 /* Parqueadero.m in Sources */,
				27DD250519F720B9001DF642 /* main.m in Sources */,
				27DD252F19F7211C001DF642 /* Empresa.m in Sources */,
				27DD254919F7423E001DF642 /* parcadosParqueaderosListaViewCell.m in Sources */,
				27DD250919F720B9001DF642 /* parcadosAppDelegate.m in Sources */,
				27DD253E19F729F5001DF642 /* parcadosParqueaderosViewController.m in Sources */,
				27DD254119F72A63001DF642 /* parcadosParqueaderosViewCell.m in Sources */,
				27DD253B19F72895001DF642 /* InterfazPrincipalViewController.m in Sources */,
				27DD252E19F7211C001DF642 /* Data.m in Sources */,
				27DD254F19F7429D001DF642 /* parcadosParqueaderosListaViewController.m in Sources */,
			);
			runOnlyForDeploymentPostprocessing = 0;
		};
		27DD250C19F720B9001DF642 /* Sources */ = {
			isa = PBXSourcesBuildPhase;
			buildActionMask = 2147483647;
			files = (
				27DD251E19F720B9001DF642 /* Parcados_iOSTests.m in Sources */,
			);
			runOnlyForDeploymentPostprocessing = 0;
		};
/* End PBXSourcesBuildPhase section */

/* Begin PBXTargetDependency section */
		27DD251619F720B9001DF642 /* PBXTargetDependency */ = {
			isa = PBXTargetDependency;
			target = 27DD24F419F720B9001DF642 /* Parcados iOS */;
			targetProxy = 27DD251519F720B9001DF642 /* PBXContainerItemProxy */;
		};
/* End PBXTargetDependency section */

/* Begin PBXVariantGroup section */
		27DD250119F720B9001DF642 /* InfoPlist.strings */ = {
			isa = PBXVariantGroup;
			children = (
				27DD250219F720B9001DF642 /* en */,
			);
			name = InfoPlist.strings;
			sourceTree = "<group>";
		};
		27DD251A19F720B9001DF642 /* InfoPlist.strings */ = {
			isa = PBXVariantGroup;
			children = (
				27DD251B19F720B9001DF642 /* en */,
			);
			name = InfoPlist.strings;
			sourceTree = "<group>";
		};
/* End PBXVariantGroup section */

/* Begin XCBuildConfiguration section */
		27DD251F19F720B9001DF642 /* Debug */ = {
			isa = XCBuildConfiguration;
			buildSettings = {
				ALWAYS_SEARCH_USER_PATHS = NO;
				CLANG_CXX_LANGUAGE_STANDARD = "gnu++0x";
				CLANG_CXX_LIBRARY = "libc++";
				CLANG_ENABLE_MODULES = YES;
				CLANG_ENABLE_OBJC_ARC = YES;
				CLANG_WARN_BOOL_CONVERSION = YES;
				CLANG_WARN_CONSTANT_CONVERSION = YES;
				CLANG_WARN_DIRECT_OBJC_ISA_USAGE = YES_ERROR;
				CLANG_WARN_EMPTY_BODY = YES;
				CLANG_WARN_ENUM_CONVERSION = YES;
				CLANG_WARN_INT_CONVERSION = YES;
				CLANG_WARN_OBJC_ROOT_CLASS = YES_ERROR;
				CLANG_WARN__DUPLICATE_METHOD_MATCH = YES;
				"CODE_SIGN_IDENTITY[sdk=iphoneos*]" = "iPhone Developer";
				COPY_PHASE_STRIP = NO;
				GCC_C_LANGUAGE_STANDARD = gnu99;
				GCC_DYNAMIC_NO_PIC = NO;
				GCC_OPTIMIZATION_LEVEL = 0;
				GCC_PREPROCESSOR_DEFINITIONS = (
					"DEBUG=1",
					"$(inherited)",
				);
				GCC_SYMBOLS_PRIVATE_EXTERN = NO;
				GCC_WARN_64_TO_32_BIT_CONVERSION = YES;
				GCC_WARN_ABOUT_RETURN_TYPE = YES_ERROR;
				GCC_WARN_UNDECLARED_SELECTOR = YES;
				GCC_WARN_UNINITIALIZED_AUTOS = YES_AGGRESSIVE;
				GCC_WARN_UNUSED_FUNCTION = YES;
				GCC_WARN_UNUSED_VARIABLE = YES;
				IPHONEOS_DEPLOYMENT_TARGET = 7.1;
				ONLY_ACTIVE_ARCH = YES;
				SDKROOT = iphoneos;
			};
			name = Debug;
		};
		27DD252019F720B9001DF642 /* Release */ = {
			isa = XCBuildConfiguration;
			buildSettings = {
				ALWAYS_SEARCH_USER_PATHS = NO;
				CLANG_CXX_LANGUAGE_STANDARD = "gnu++0x";
				CLANG_CXX_LIBRARY = "libc++";
				CLANG_ENABLE_MODULES = YES;
				CLANG_ENABLE_OBJC_ARC = YES;
				CLANG_WARN_BOOL_CONVERSION = YES;
				CLANG_WARN_CONSTANT_CONVERSION = YES;
				CLANG_WARN_DIRECT_OBJC_ISA_USAGE = YES_ERROR;
				CLANG_WARN_EMPTY_BODY = YES;
				CLANG_WARN_ENUM_CONVERSION = YES;
				CLANG_WARN_INT_CONVERSION = YES;
				CLANG_WARN_OBJC_ROOT_CLASS = YES_ERROR;
				CLANG_WARN__DUPLICATE_METHOD_MATCH = YES;
				"CODE_SIGN_IDENTITY[sdk=iphoneos*]" = "iPhone Developer";
				COPY_PHASE_STRIP = YES;
				ENABLE_NS_ASSERTIONS = NO;
				GCC_C_LANGUAGE_STANDARD = gnu99;
				GCC_WARN_64_TO_32_BIT_CONVERSION = YES;
				GCC_WARN_ABOUT_RETURN_TYPE = YES_ERROR;
				GCC_WARN_UNDECLARED_SELECTOR = YES;
				GCC_WARN_UNINITIALIZED_AUTOS = YES_AGGRESSIVE;
				GCC_WARN_UNUSED_FUNCTION = YES;
				GCC_WARN_UNUSED_VARIABLE = YES;
				IPHONEOS_DEPLOYMENT_TARGET = 7.1;
				SDKROOT = iphoneos;
				VALIDATE_PRODUCT = YES;
			};
			name = Release;
		};
		27DD252219F720B9001DF642 /* Debug */ = {
			isa = XCBuildConfiguration;
			buildSettings = {
				ASSETCATALOG_COMPILER_APPICON_NAME = AppIcon;
				ASSETCATALOG_COMPILER_LAUNCHIMAGE_NAME = LaunchImage;
				CODE_SIGN_IDENTITY = "iPhone Developer";
				GCC_PRECOMPILE_PREFIX_HEADER = YES;
				GCC_PREFIX_HEADER = "Parcados iOS/Parcados iOS-Prefix.pch";
				INFOPLIST_FILE = "Parcados iOS/Parcados iOS-Info.plist";
				PRODUCT_NAME = "$(TARGET_NAME)";
				WRAPPER_EXTENSION = app;
			};
			name = Debug;
		};
		27DD252319F720B9001DF642 /* Release */ = {
			isa = XCBuildConfiguration;
			buildSettings = {
				ASSETCATALOG_COMPILER_APPICON_NAME = AppIcon;
				ASSETCATALOG_COMPILER_LAUNCHIMAGE_NAME = LaunchImage;
				CODE_SIGN_IDENTITY = "iPhone Developer";
				GCC_PRECOMPILE_PREFIX_HEADER = YES;
				GCC_PREFIX_HEADER = "Parcados iOS/Parcados iOS-Prefix.pch";
				INFOPLIST_FILE = "Parcados iOS/Parcados iOS-Info.plist";
				PRODUCT_NAME = "$(TARGET_NAME)";
				WRAPPER_EXTENSION = app;
			};
			name = Release;
		};
		27DD252519F720B9001DF642 /* Debug */ = {
			isa = XCBuildConfiguration;
			buildSettings = {
				BUNDLE_LOADER = "$(BUILT_PRODUCTS_DIR)/Parcados iOS.app/Parcados iOS";
				FRAMEWORK_SEARCH_PATHS = (
					"$(SDKROOT)/Developer/Library/Frameworks",
					"$(inherited)",
					"$(DEVELOPER_FRAMEWORKS_DIR)",
				);
				GCC_PRECOMPILE_PREFIX_HEADER = YES;
				GCC_PREFIX_HEADER = "Parcados iOS/Parcados iOS-Prefix.pch";
				GCC_PREPROCESSOR_DEFINITIONS = (
					"DEBUG=1",
					"$(inherited)",
				);
				INFOPLIST_FILE = "Parcados iOSTests/Parcados iOSTests-Info.plist";
				PRODUCT_NAME = "$(TARGET_NAME)";
				TEST_HOST = "$(BUNDLE_LOADER)";
				WRAPPER_EXTENSION = xctest;
			};
			name = Debug;
		};
		27DD252619F720B9001DF642 /* Release */ = {
			isa = XCBuildConfiguration;
			buildSettings = {
				BUNDLE_LOADER = "$(BUILT_PRODUCTS_DIR)/Parcados iOS.app/Parcados iOS";
				FRAMEWORK_SEARCH_PATHS = (
					"$(SDKROOT)/Developer/Library/Frameworks",
					"$(inherited)",
					"$(DEVELOPER_FRAMEWORKS_DIR)",
				);
				GCC_PRECOMPILE_PREFIX_HEADER = YES;
				GCC_PREFIX_HEADER = "Parcados iOS/Parcados iOS-Prefix.pch";
				INFOPLIST_FILE = "Parcados iOSTests/Parcados iOSTests-Info.plist";
				PRODUCT_NAME = "$(TARGET_NAME)";
				TEST_HOST = "$(BUNDLE_LOADER)";
				WRAPPER_EXTENSION = xctest;
			};
			name = Release;
		};
/* End XCBuildConfiguration section */

/* Begin XCConfigurationList section */
		27DD24F019F720B9001DF642 /* Build configuration list for PBXProject "Parcados iOS" */ = {
			isa = XCConfigurationList;
			buildConfigurations = (
				27DD251F19F720B9001DF642 /* Debug */,
				27DD252019F720B9001DF642 /* Release */,
			);
			defaultConfigurationIsVisible = 0;
			defaultConfigurationName = Release;
		};
		27DD252119F720B9001DF642 /* Build configuration list for PBXNativeTarget "Parcados iOS" */ = {
			isa = XCConfigurationList;
			buildConfigurations = (
				27DD252219F720B9001DF642 /* Debug */,
				27DD252319F720B9001DF642 /* Release */,
			);
			defaultConfigurationIsVisible = 0;
			defaultConfigurationName = Release;
		};
		27DD252419F720B9001DF642 /* Build configuration list for PBXNativeTarget "Parcados iOSTests" */ = {
			isa = XCConfigurationList;
			buildConfigurations = (
				27DD252519F720B9001DF642 /* Debug */,
				27DD252619F720B9001DF642 /* Release */,
			);
			defaultConfigurationIsVisible = 0;
			defaultConfigurationName = Release;
		};
/* End XCConfigurationList section */
	};
	rootObject = 27DD24ED19F720B9001DF642 /* Project object */;
}
